<?xml version="1.0" encoding="utf-8"?>
<Project ToolsVersion="17.0" xmlns="http://schemas.microsoft.com/developer/msbuild/2003">
  <ItemGroup>
    <CustomBuild Include="D:\Photoneo\PhoXiControl-1.7.5\API\examples\CPP\GetTemperatures\CMakeLists.txt" />
  </ItemGroup>
  <ItemGroup>
  </ItemGroup>
</Project>
